Microsoft Visual Studio Solution File, Format Version 12.00
# Visual Studio Version 17
VisualStudioVersion = 17.5.2.0
MinimumVisualStudioVersion = 10.0.40219.1
Project("{2150E333-8FDC-42A3-9474-1A3956D46DE8}") = "Main Apps", "Main Apps", "{F08771E7-2491-8062-D5BC-9CB697E81CD5}"
EndProject
Project("{2150E333-8FDC-42A3-9474-1A3956D46DE8}") = "Crunchy-Downloader-master", "Crunchy-Downloader-master", "{B56FF2ED-47B0-134D-D66F-C799F9E0F38F}"
EndProject
Project("{FAE04EC0-301F-11D3-BF4B-00C04F79EFBC}") = "CRD", "Main Apps\Crunchy-Downloader-master\CRD\CRD.csproj", "{501E8F35-9913-CA92-D9A1-E507A1E7B7E6}"
EndProject
Global
	GlobalSection(SolutionConfigurationPlatforms) = preSolution
		Debug|Any CPU = Debug|Any CPU
		Release|Any CPU = Release|Any CPU
	EndGlobalSection
	GlobalSection(ProjectConfigurationPlatforms) = postSolution
		{501E8F35-9913-CA92-D9A1-E507A1E7B7E6}.Debug|Any CPU.ActiveCfg = Debug|Any CPU
		{501E8F35-9913-CA92-D9A1-E507A1E7B7E6}.Debug|Any CPU.Build.0 = Debug|Any CPU
		{501E8F35-9913-CA92-D9A1-E507A1E7B7E6}.Release|Any CPU.ActiveCfg = Release|Any CPU
		{501E8F35-9913-CA92-D9A1-E507A1E7B7E6}.Release|Any CPU.Build.0 = Release|Any CPU
	EndGlobalSection
	GlobalSection(SolutionProperties) = preSolution
		HideSolutionNode = FALSE
	EndGlobalSection
	GlobalSection(NestedProjects) = preSolution
		{B56FF2ED-47B0-134D-D66F-C799F9E0F38F} = {F08771E7-2491-8062-D5BC-9CB697E81CD5}
		{501E8F35-9913-CA92-D9A1-E507A1E7B7E6} = {B56FF2ED-47B0-134D-D66F-C799F9E0F38F}
	EndGlobalSection
	GlobalSection(ExtensibilityGlobals) = postSolution
		SolutionGuid = {9C10490A-730A-4698-8952-AED12851BDA3}
	EndGlobalSection
EndGlobal
